
Microsoft Visual Studio Solution File, Format Version 12.00
# Visual Studio Version 16
VisualStudioVersion = 16.0.31005.135
MinimumVisualStudioVersion = 10.0.40219.1
Project("{8BC9CEB8-8B4A-11D0-8D11-00A0C91BC942}") = "Algoritms collection", "Algoritms collection.vcxproj", "{18980C1B-003D-4F8B-BDCF-B097BEBDB55B}"
EndProject
Global
	GlobalSection(SolutionConfigurationPlatforms) = preSolution
		Debug|x64 = Debug|x64
		Debug|x86 = Debug|x86
		Release|x64 = Release|x64
		Release|x86 = Release|x86
	EndGlobalSection
	GlobalSection(ProjectConfigurationPlatforms) = postSolution
		{18980C1B-003D-4F8B-BDCF-B097BEBDB55B}.Debug|x64.ActiveCfg = Debug|x64
		{18980C1B-003D-4F8B-BDCF-B097BEBDB55B}.Debug|x64.Build.0 = Debug|x64
		{18980C1B-003D-4F8B-BDCF-B097BEBDB55B}.Debug|x86.ActiveCfg = Debug|x64
		{18980C1B-003D-4F8B-BDCF-B097BEBDB55B}.Debug|x86.Build.0 = Debug|x64
		{18980C1B-003D-4F8B-BDCF-B097BEBDB55B}.Release|x64.ActiveCfg = Release|x64
		{18980C1B-003D-4F8B-BDCF-B097BEBDB55B}.Release|x64.Build.0 = Release|x64
		{18980C1B-003D-4F8B-BDCF-B097BEBDB55B}.Release|x86.ActiveCfg = Release|Win32
		{18980C1B-003D-4F8B-BDCF-B097BEBDB55B}.Release|x86.Build.0 = Release|Win32
	EndGlobalSection
	GlobalSection(SolutionProperties) = preSolution
		HideSolutionNode = FALSE
	EndGlobalSection
	GlobalSection(ExtensibilityGlobals) = postSolution
		SolutionGuid = {8F678585-C850-4DF5-8223-4BF5AB3FB014}
	EndGlobalSection
EndGlobal
